
Microsoft Visual Studio Solution File, Format Version 12.00
# Visual Studio Version 17
VisualStudioVersion = 17.11.35222.181
MinimumVisualStudioVersion = 10.0.40219.1
Project("{FAE04EC0-301F-11D3-BF4B-00C04F79EFBC}") = "MyChat", "MyChat.csproj", "{CAD517B2-B250-4890-AC6E-F7BBFA91C492}"
EndProject
Global
	GlobalSection(SolutionConfigurationPlatforms) = preSolution
		Debug|Any CPU = Debug|Any CPU
		Release|Any CPU = Release|Any CPU
	EndGlobalSection
	GlobalSection(ProjectConfigurationPlatforms) = postSolution
		{CAD517B2-B250-4890-AC6E-F7BBFA91C492}.Debug|Any CPU.ActiveCfg = Debug|Any CPU
		{CAD517B2-B250-4890-AC6E-F7BBFA91C492}.Debug|Any CPU.Build.0 = Debug|Any CPU
		{CAD517B2-B250-4890-AC6E-F7BBFA91C492}.Release|Any CPU.ActiveCfg = Release|Any CPU
		{CAD517B2-B250-4890-AC6E-F7BBFA91C492}.Release|Any CPU.Build.0 = Release|Any CPU
	EndGlobalSection
	GlobalSection(SolutionProperties) = preSolution
		HideSolutionNode = FALSE
	EndGlobalSection
	GlobalSection(ExtensibilityGlobals) = postSolution
		SolutionGuid = {3A44ECFD-FD2A-4486-BD0C-235583FBB2A2}
	EndGlobalSection
EndGlobal
