
Microsoft Visual Studio Solution File, Format Version 12.00
# Visual Studio Version 17
VisualStudioVersion = 17.11.35222.181
MinimumVisualStudioVersion = 10.0.40219.1
Project("{FAE04EC0-301F-11D3-BF4B-00C04F79EFBC}") = "ксис4", "ксис4.csproj", "{18296AB4-9181-48E4-8129-D72651671423}"
EndProject
Global
	GlobalSection(SolutionConfigurationPlatforms) = preSolution
		Debug|Any CPU = Debug|Any CPU
		Release|Any CPU = Release|Any CPU
	EndGlobalSection
	GlobalSection(ProjectConfigurationPlatforms) = postSolution
		{18296AB4-9181-48E4-8129-D72651671423}.Debug|Any CPU.ActiveCfg = Debug|Any CPU
		{18296AB4-9181-48E4-8129-D72651671423}.Debug|Any CPU.Build.0 = Debug|Any CPU
		{18296AB4-9181-48E4-8129-D72651671423}.Release|Any CPU.ActiveCfg = Release|Any CPU
		{18296AB4-9181-48E4-8129-D72651671423}.Release|Any CPU.Build.0 = Release|Any CPU
	EndGlobalSection
	GlobalSection(SolutionProperties) = preSolution
		HideSolutionNode = FALSE
	EndGlobalSection
	GlobalSection(ExtensibilityGlobals) = postSolution
		SolutionGuid = {36ADA6B2-7C3A-4C6D-951A-E7C9C4E3C97E}
	EndGlobalSection
EndGlobal
